{
  "name": "GerenciamentoBancasTcc",
  "lockfileVersion": 2,
  "requires": true,
  "packages": {
    "": {
      "dependencies": {
        "@popperjs/core": "^2.11.6",
        "sweetalert2": "^11.6.14"
      }
    },
    "node_modules/@popperjs/core": {
      "version": "2.11.6",
      "resolved": "https://registry.npmjs.org/@popperjs/core/-/core-2.11.6.tgz",
      "integrity": "sha512-50/17A98tWUfQ176raKiOGXuYpLyyVMkxxG6oylzL3BPOlA6ADGdK7EYunSa4I064xerltq9TGXs8HmOk5E+vw==",
      "funding": {
        "type": "opencollective",
        "url": "https://opencollective.com/popperjs"
      }
    },
    "node_modules/sweetalert2": {
      "version": "11.6.14",
      "resolved": "https://registry.npmjs.org/sweetalert2/-/sweetalert2-11.6.14.tgz",
      "integrity": "sha512-W8+vtsucIJg5BrFhHcqguNZMzmHGvVZVAYHaMGQ9dzrleOMZcHCGmnB46L9qUNdx5snr1GpMUVFjNuki7EBbuQ==",
      "funding": {
        "type": "individual",
        "url": "https://github.com/sponsors/limonte"
      }
    }
  },
  "dependencies": {
    "@popperjs/core": {
      "version": "2.11.6",
      "resolved": "https://registry.npmjs.org/@popperjs/core/-/core-2.11.6.tgz",
      "integrity": "sha512-50/17A98tWUfQ176raKiOGXuYpLyyVMkxxG6oylzL3BPOlA6ADGdK7EYunSa4I064xerltq9TGXs8HmOk5E+vw=="
    },
    "sweetalert2": {
      "version": "11.6.14",
      "resolved": "https://registry.npmjs.org/sweetalert2/-/sweetalert2-11.6.14.tgz",
      "integrity": "sha512-W8+vtsucIJg5BrFhHcqguNZMzmHGvVZVAYHaMGQ9dzrleOMZcHCGmnB46L9qUNdx5snr1GpMUVFjNuki7EBbuQ=="
    }
  }
}
